// !$*UTF8*$!
{
	archiveVersion = 1;
	classes = {
	};
	objectVersion = 46;
	objects = {

/* Begin PBXBuildFile section */
		1886947D1AC801F8005FD191 /* main.m in Sources */ = {isa = PBXBuildFile; fileRef = 1886947C1AC801F8005FD191 /* main.m */; };
		188694801AC801F8005FD191 /* AppDelegate.m in Sources */ = {isa = PBXBuildFile; fileRef = 1886947F1AC801F8005FD191 /* AppDelegate.m */; };
		188694831AC801F8005FD191 /* ViewController.m in Sources */ = {isa = PBXBuildFile; fileRef = 188694821AC801F8005FD191 /* ViewController.m */; };
		188694861AC801F8005FD191 /* Main.storyboard in Resources */ = {isa = PBXBuildFile; fileRef = 188694841AC801F8005FD191 /* Main.storyboard */; };
		188694881AC801F8005FD191 /* Images.xcassets in Resources */ = {isa = PBXBuildFile; fileRef = 188694871AC801F8005FD191 /* Images.xcassets */; };
		1886948B1AC801F8005FD191 /* LaunchScreen.xib in Resources */ = {isa = PBXBuildFile; fileRef = 188694891AC801F8005FD191 /* LaunchScreen.xib */; };
		188694971AC801F8005FD191 /* WJCipherTests.m in Sources */ = {isa = PBXBuildFile; fileRef = 188694961AC801F8005FD191 /* WJCipherTests.m */; };
		188694A21AC80573005FD191 /* EncryptionTools.m in Sources */ = {isa = PBXBuildFile; fileRef = 188694A11AC80573005FD191 /* EncryptionTools.m */; };
/* End PBXBuildFile section */

/* Begin PBXContainerItemProxy section */
		188694911AC801F8005FD191 /* PBXContainerItemProxy */ = {
			isa = PBXContainerItemProxy;
			containerPortal = 1886946F1AC801F8005FD191 /* Project object */;
			proxyType = 1;
			remoteGlobalIDString = 188694761AC801F8005FD191;
			remoteInfo = WJCipher;
		};
/* End PBXContainerItemProxy section */

/* Begin PBXFileReference section */
		188694771AC801F8005FD191 /* WJCipher.app */ = {isa = PBXFileReference; explicitFileType = wrapper.application; includeInIndex = 0; path = WJCipher.app; sourceTree = BUILT_PRODUCTS_DIR; };
		1886947B1AC801F8005FD191 /* Info.plist */ = {isa = PBXFileReference; lastKnownFileType = text.plist.xml; path = Info.plist; sourceTree = "<group>"; };
		1886947C1AC801F8005FD191 /* main.m */ = {isa = PBXFileReference; lastKnownFileType = sourcecode.c.objc; path = main.m; sourceTree = "<group>"; };
		1886947E1AC801F8005FD191 /* AppDelegate.h */ = {isa = PBXFileReference; lastKnownFileType = sourcecode.c.h; path = AppDelegate.h; sourceTree = "<group>"; };
		1886947F1AC801F8005FD191 /* AppDelegate.m */ = {isa = PBXFileReference; lastKnownFileType = sourcecode.c.objc; path = AppDelegate.m; sourceTree = "<group>"; };
		188694811AC801F8005FD191 /* ViewController.h */ = {isa = PBXFileReference; lastKnownFileType = sourcecode.c.h; path = ViewController.h; sourceTree = "<group>"; };
		188694821AC801F8005FD191 /* ViewController.m */ = {isa = PBXFileReference; lastKnownFileType = sourcecode.c.objc; path = ViewController.m; sourceTree = "<group>"; };
		188694851AC801F8005FD191 /* Base */ = {isa = PBXFileReference; lastKnownFileType = file.storyboard; name = Base; path = Base.lproj/Main.storyboard; sourceTree = "<group>"; };
		188694871AC801F8005FD191 /* Images.xcassets */ = {isa = PBXFileReference; lastKnownFileType = folder.assetcatalog; path = Images.xcassets; sourceTree = "<group>"; };
		1886948A1AC801F8005FD191 /* Base */ = {isa = PBXFileReference; lastKnownFileType = file.xib; name = Base; path = Base.lproj/LaunchScreen.xib; sourceTree = "<group>"; };
		188694901AC801F8005FD191 /* WJCipherTests.xctest */ = {isa = PBXFileReference; explicitFileType = wrapper.cfbundle; includeInIndex = 0; path = WJCipherTests.xctest; sourceTree = BUILT_PRODUCTS_DIR; };
		188694951AC801F8005FD191 /* Info.plist */ = {isa = PBXFileReference; lastKnownFileType = text.plist.xml; path = Info.plist; sourceTree = "<group>"; };
		188694961AC801F8005FD191 /* WJCipherTests.m */ = {isa = PBXFileReference; lastKnownFileType = sourcecode.c.objc; path = WJCipherTests.m; sourceTree = "<group>"; };
		188694A01AC80573005FD191 /* EncryptionTools.h */ = {isa = PBXFileReference; fileEncoding = 4; lastKnownFileType = sourcecode.c.h; path = EncryptionTools.h; sourceTree = "<group>"; };
		188694A11AC80573005FD191 /* EncryptionTools.m */ = {isa = PBXFileReference; fileEncoding = 4; lastKnownFileType = sourcecode.c.objc; path = EncryptionTools.m; sourceTree = "<group>"; };
/* End PBXFileReference section */

/* Begin PBXFrameworksBuildPhase section */
		188694741AC801F8005FD191 /* Frameworks */ = {
			isa = PBXFrameworksBuildPhase;
			buildActionMask = 2147483647;
			files = (
			);
			runOnlyForDeploymentPostprocessing = 0;
		};
		1886948D1AC801F8005FD191 /* Frameworks */ = {
			isa = PBXFrameworksBuildPhase;
			buildActionMask = 2147483647;
			files = (
			);
			runOnlyForDeploymentPostprocessing = 0;
		};
/* End PBXFrameworksBuildPhase section */

/* Begin PBXGroup section */
		1886946E1AC801F8005FD191 = {
			isa = PBXGroup;
			children = (
				188694791AC801F8005FD191 /* WJCipher */,
				188694931AC801F8005FD191 /* WJCipherTests */,
				188694781AC801F8005FD191 /* Products */,
			);
			sourceTree = "<group>";
		};
		188694781AC801F8005FD191 /* Products */ = {
			isa = PBXGroup;
			children = (
				188694771AC801F8005FD191 /* WJCipher.app */,
				188694901AC801F8005FD191 /* WJCipherTests.xctest */,
			);
			name = Products;
			sourceTree = "<group>";
		};
		188694791AC801F8005FD191 /* WJCipher */ = {
			isa = PBXGroup;
			children = (
				1886947E1AC801F8005FD191 /* AppDelegate.h */,
				1886947F1AC801F8005FD191 /* AppDelegate.m */,
				188694811AC801F8005FD191 /* ViewController.h */,
				188694821AC801F8005FD191 /* ViewController.m */,
				188694A01AC80573005FD191 /* EncryptionTools.h */,
				188694A11AC80573005FD191 /* EncryptionTools.m */,
				1886947A1AC801F8005FD191 /* Supporting Files */,
			);
			path = WJCipher;
			sourceTree = "<group>";
		};
		1886947A1AC801F8005FD191 /* Supporting Files */ = {
			isa = PBXGroup;
			children = (
				188694841AC801F8005FD191 /* Main.storyboard */,
				188694871AC801F8005FD191 /* Images.xcassets */,
				188694891AC801F8005FD191 /* LaunchScreen.xib */,
				1886947B1AC801F8005FD191 /* Info.plist */,
				1886947C1AC801F8005FD191 /* main.m */,
			);
			name = "Supporting Files";
			sourceTree = "<group>";
		};
		188694931AC801F8005FD191 /* WJCipherTests */ = {
			isa = PBXGroup;
			children = (
				188694961AC801F8005FD191 /* WJCipherTests.m */,
				188694941AC801F8005FD191 /* Supporting Files */,
			);
			path = WJCipherTests;
			sourceTree = "<group>";
		};
		188694941AC801F8005FD191 /* Supporting Files */ = {
			isa = PBXGroup;
			children = (
				188694951AC801F8005FD191 /* Info.plist */,
			);
			name = "Supporting Files";
			sourceTree = "<group>";
		};
/* End PBXGroup section */

/* Begin PBXNativeTarget section */
		188694761AC801F8005FD191 /* WJCipher */ = {
			isa = PBXNativeTarget;
			buildConfigurationList = 1886949A1AC801F8005FD191 /* Build configuration list for PBXNativeTarget "WJCipher" */;
			buildPhases = (
				188694731AC801F8005FD191 /* Sources */,
				188694741AC801F8005FD191 /* Frameworks */,
				188694751AC801F8005FD191 /* Resources */,
			);
			buildRules = (
			);
			dependencies = (
			);
			name = WJCipher;
			productName = WJCipher;
			productReference = 188694771AC801F8005FD191 /* WJCipher.app */;
			productType = "com.apple.product-type.application";
		};
		1886948F1AC801F8005FD191 /* WJCipherTests */ = {
			isa = PBXNativeTarget;
			buildConfigurationList = 1886949D1AC801F8005FD191 /* Build configuration list for PBXNativeTarget "WJCipherTests" */;
			buildPhases = (
				1886948C1AC801F8005FD191 /* Sources */,
				1886948D1AC801F8005FD191 /* Frameworks */,
				1886948E1AC801F8005FD191 /* Resources */,
			);
			buildRules = (
			);
			dependencies = (
				188694921AC801F8005FD191 /* PBXTargetDependency */,
			);
			name = WJCipherTests;
			productName = WJCipherTests;
			productReference = 188694901AC801F8005FD191 /* WJCipherTests.xctest */;
			productType = "com.apple.product-type.bundle.unit-test";
		};
/* End PBXNativeTarget section */

/* Begin PBXProject section */
		1886946F1AC801F8005FD191 /* Project object */ = {
			isa = PBXProject;
			attributes = {
				LastUpgradeCheck = 0620;
				ORGANIZATIONNAME = Kevin;
				TargetAttributes = {
					188694761AC801F8005FD191 = {
						CreatedOnToolsVersion = 6.2;
					};
					1886948F1AC801F8005FD191 = {
						CreatedOnToolsVersion = 6.2;
						TestTargetID = 188694761AC801F8005FD191;
					};
				};
			};
			buildConfigurationList = 188694721AC801F8005FD191 /* Build configuration list for PBXProject "WJCipher" */;
			compatibilityVersion = "Xcode 3.2";
			developmentRegion = English;
			hasScannedForEncodings = 0;
			knownRegions = (
				en,
				Base,
			);
			mainGroup = 1886946E1AC801F8005FD191;
			productRefGroup = 188694781AC801F8005FD191 /* Products */;
			projectDirPath = "";
			projectRoot = "";
			targets = (
				188694761AC801F8005FD191 /* WJCipher */,
				1886948F1AC801F8005FD191 /* WJCipherTests */,
			);
		};
/* End PBXProject section */

/* Begin PBXResourcesBuildPhase section */
		188694751AC801F8005FD191 /* Resources */ = {
			isa = PBXResourcesBuildPhase;
			buildActionMask = 2147483647;
			files = (
				188694861AC801F8005FD191 /* Main.storyboard in Resources */,
				1886948B1AC801F8005FD191 /* LaunchScreen.xib in Resources */,
				188694881AC801F8005FD191 /* Images.xcassets in Resources */,
			);
			runOnlyForDeploymentPostprocessing = 0;
		};
		1886948E1AC801F8005FD191 /* Resources */ = {
			isa = PBXResourcesBuildPhase;
			buildActionMask = 2147483647;
			files = (
			);
			runOnlyForDeploymentPostprocessing = 0;
		};
/* End PBXResourcesBuildPhase section */

/* Begin PBXSourcesBuildPhase section */
		188694731AC801F8005FD191 /* Sources */ = {
			isa = PBXSourcesBuildPhase;
			buildActionMask = 2147483647;
			files = (
				188694A21AC80573005FD191 /* EncryptionTools.m in Sources */,
				188694831AC801F8005FD191 /* ViewController.m in Sources */,
				188694801AC801F8005FD191 /* AppDelegate.m in Sources */,
				1886947D1AC801F8005FD191 /* main.m in Sources */,
			);
			runOnlyForDeploymentPostprocessing = 0;
		};
		1886948C1AC801F8005FD191 /* Sources */ = {
			isa = PBXSourcesBuildPhase;
			buildActionMask = 2147483647;
			files = (
				188694971AC801F8005FD191 /* WJCipherTests.m in Sources */,
			);
			runOnlyForDeploymentPostprocessing = 0;
		};
/* End PBXSourcesBuildPhase section */

/* Begin PBXTargetDependency section */
		188694921AC801F8005FD191 /* PBXTargetDependency */ = {
			isa = PBXTargetDependency;
			target = 188694761AC801F8005FD191 /* WJCipher */;
			targetProxy = 188694911AC801F8005FD191 /* PBXContainerItemProxy */;
		};
/* End PBXTargetDependency section */

/* Begin PBXVariantGroup section */
		188694841AC801F8005FD191 /* Main.storyboard */ = {
			isa = PBXVariantGroup;
			children = (
				188694851AC801F8005FD191 /* Base */,
			);
			name = Main.storyboard;
			sourceTree = "<group>";
		};
		188694891AC801F8005FD191 /* LaunchScreen.xib */ = {
			isa = PBXVariantGroup;
			children = (
				1886948A1AC801F8005FD191 /* Base */,
			);
			name = LaunchScreen.xib;
			sourceTree = "<group>";
		};
/* End PBXVariantGroup section */

/* Begin XCBuildConfiguration section */
		188694981AC801F8005FD191 /* Debug */ = {
			isa = XCBuildConfiguration;
			buildSettings = {
				ALWAYS_SEARCH_USER_PATHS = NO;
				CLANG_CXX_LANGUAGE_STANDARD = "gnu++0x";
				CLANG_CXX_LIBRARY = "libc++";
				CLANG_ENABLE_MODULES = YES;
				CLANG_ENABLE_OBJC_ARC = YES;
				CLANG_WARN_BOOL_CONVERSION = YES;
				CLANG_WARN_CONSTANT_CONVERSION = YES;
				CLANG_WARN_DIRECT_OBJC_ISA_USAGE = YES_ERROR;
				CLANG_WARN_EMPTY_BODY = YES;
				CLANG_WARN_ENUM_CONVERSION = YES;
				CLANG_WARN_INT_CONVERSION = YES;
				CLANG_WARN_OBJC_ROOT_CLASS = YES_ERROR;
				CLANG_WARN_UNREACHABLE_CODE = YES;
				CLANG_WARN__DUPLICATE_METHOD_MATCH = YES;
				"CODE_SIGN_IDENTITY[sdk=iphoneos*]" = "iPhone Developer";
				COPY_PHASE_STRIP = NO;
				ENABLE_STRICT_OBJC_MSGSEND = YES;
				GCC_C_LANGUAGE_STANDARD = gnu99;
				GCC_DYNAMIC_NO_PIC = NO;
				GCC_OPTIMIZATION_LEVEL = 0;
				GCC_PREPROCESSOR_DEFINITIONS = (
					"DEBUG=1",
					"$(inherited)",
				);
				GCC_SYMBOLS_PRIVATE_EXTERN = NO;
				GCC_WARN_64_TO_32_BIT_CONVERSION = YES;
				GCC_WARN_ABOUT_RETURN_TYPE = YES_ERROR;
				GCC_WARN_UNDECLARED_SELECTOR = YES;
				GCC_WARN_UNINITIALIZED_AUTOS = YES_AGGRESSIVE;
				GCC_WARN_UNUSED_FUNCTION = YES;
				GCC_WARN_UNUSED_VARIABLE = YES;
				IPHONEOS_DEPLOYMENT_TARGET = 8.2;
				MTL_ENABLE_DEBUG_INFO = YES;
				ONLY_ACTIVE_ARCH = YES;
				SDKROOT = iphoneos;
			};
			name = Debug;
		};
		188694991AC801F8005FD191 /* Release */ = {
			isa = XCBuildConfiguration;
			buildSettings = {
				ALWAYS_SEARCH_USER_PATHS = NO;
				CLANG_CXX_LANGUAGE_STANDARD = "gnu++0x";
				CLANG_CXX_LIBRARY = "libc++";
				CLANG_ENABLE_MODULES = YES;
				CLANG_ENABLE_OBJC_ARC = YES;
				CLANG_WARN_BOOL_CONVERSION = YES;
				CLANG_WARN_CONSTANT_CONVERSION = YES;
				CLANG_WARN_DIRECT_OBJC_ISA_USAGE = YES_ERROR;
				CLANG_WARN_EMPTY_BODY = YES;
				CLANG_WARN_ENUM_CONVERSION = YES;
				CLANG_WARN_INT_CONVERSION = YES;
				CLANG_WARN_OBJC_ROOT_CLASS = YES_ERROR;
				CLANG_WARN_UNREACHABLE_CODE = YES;
				CLANG_WARN__DUPLICATE_METHOD_MATCH = YES;
				"CODE_SIGN_IDENTITY[sdk=iphoneos*]" = "iPhone Developer";
				COPY_PHASE_STRIP = NO;
				ENABLE_NS_ASSERTIONS = NO;
				ENABLE_STRICT_OBJC_MSGSEND = YES;
				GCC_C_LANGUAGE_STANDARD = gnu99;
				GCC_WARN_64_TO_32_BIT_CONVERSION = YES;
				GCC_WARN_ABOUT_RETURN_TYPE = YES_ERROR;
				GCC_WARN_UNDECLARED_SELECTOR = YES;
				GCC_WARN_UNINITIALIZED_AUTOS = YES_AGGRESSIVE;
				GCC_WARN_UNUSED_FUNCTION = YES;
				GCC_WARN_UNUSED_VARIABLE = YES;
				IPHONEOS_DEPLOYMENT_TARGET = 8.2;
				MTL_ENABLE_DEBUG_INFO = NO;
				SDKROOT = iphoneos;
				VALIDATE_PRODUCT = YES;
			};
			name = Release;
		};
		1886949B1AC801F8005FD191 /* Debug */ = {
			isa = XCBuildConfiguration;
			buildSettings = {
				ASSETCATALOG_COMPILER_APPICON_NAME = AppIcon;
				INFOPLIST_FILE = WJCipher/Info.plist;
				LD_RUNPATH_SEARCH_PATHS = "$(inherited) @executable_path/Frameworks";
				PRODUCT_NAME = "$(TARGET_NAME)";
			};
			name = Debug;
		};
		1886949C1AC801F8005FD191 /* Release */ = {
			isa = XCBuildConfiguration;
			buildSettings = {
				ASSETCATALOG_COMPILER_APPICON_NAME = AppIcon;
				INFOPLIST_FILE = WJCipher/Info.plist;
				LD_RUNPATH_SEARCH_PATHS = "$(inherited) @executable_path/Frameworks";
				PRODUCT_NAME = "$(TARGET_NAME)";
			};
			name = Release;
		};
		1886949E1AC801F8005FD191 /* Debug */ = {
			isa = XCBuildConfiguration;
			buildSettings = {
				BUNDLE_LOADER = "$(TEST_HOST)";
				FRAMEWORK_SEARCH_PATHS = (
					"$(SDKROOT)/Developer/Library/Frameworks",
					"$(inherited)",
				);
				GCC_PREPROCESSOR_DEFINITIONS = (
					"DEBUG=1",
					"$(inherited)",
				);
				INFOPLIST_FILE = WJCipherTests/Info.plist;
				LD_RUNPATH_SEARCH_PATHS = "$(inherited) @executable_path/Frameworks @loader_path/Frameworks";
				PRODUCT_NAME = "$(TARGET_NAME)";
				TEST_HOST = "$(BUILT_PRODUCTS_DIR)/WJCipher.app/WJCipher";
			};
			name = Debug;
		};
		1886949F1AC801F8005FD191 /* Release */ = {
			isa = XCBuildConfiguration;
			buildSettings = {
				BUNDLE_LOADER = "$(TEST_HOST)";
				FRAMEWORK_SEARCH_PATHS = (
					"$(SDKROOT)/Developer/Library/Frameworks",
					"$(inherited)",
				);
				INFOPLIST_FILE = WJCipherTests/Info.plist;
				LD_RUNPATH_SEARCH_PATHS = "$(inherited) @executable_path/Frameworks @loader_path/Frameworks";
				PRODUCT_NAME = "$(TARGET_NAME)";
				TEST_HOST = "$(BUILT_PRODUCTS_DIR)/WJCipher.app/WJCipher";
			};
			name = Release;
		};
/* End XCBuildConfiguration section */

/* Begin XCConfigurationList section */
		188694721AC801F8005FD191 /* Build configuration list for PBXProject "WJCipher" */ = {
			isa = XCConfigurationList;
			buildConfigurations = (
				188694981AC801F8005FD191 /* Debug */,
				188694991AC801F8005FD191 /* Release */,
			);
			defaultConfigurationIsVisible = 0;
			defaultConfigurationName = Release;
		};
		1886949A1AC801F8005FD191 /* Build configuration list for PBXNativeTarget "WJCipher" */ = {
			isa = XCConfigurationList;
			buildConfigurations = (
				1886949B1AC801F8005FD191 /* Debug */,
				1886949C1AC801F8005FD191 /* Release */,
			);
			defaultConfigurationIsVisible = 0;
		};
		1886949D1AC801F8005FD191 /* Build configuration list for PBXNativeTarget "WJCipherTests" */ = {
			isa = XCConfigurationList;
			buildConfigurations = (
				1886949E1AC801F8005FD191 /* Debug */,
				1886949F1AC801F8005FD191 /* Release */,
			);
			defaultConfigurationIsVisible = 0;
		};
/* End XCConfigurationList section */
	};
	rootObject = 1886946F1AC801F8005FD191 /* Project object */;
}
